
Microsoft Visual Studio Solution File, Format Version 12.00
# Visual Studio Version 16
VisualStudioVersion = 16.0.31424.327
MinimumVisualStudioVersion = 10.0.40219.1
Project("{9A19103F-16F7-4668-BE54-9A1E7A4F7556}") = "LiveIngestEndToEndTests", "LiveIngestEndToEndTests\LiveIngestEndToEndTests.csproj", "{8E2C7DD6-14A7-4480-B006-435561C418D1}"
EndProject
Project("{FAE04EC0-301F-11D3-BF4B-00C04F79EFBC}") = "ICAT4IngestLibrary", "C:\Users\rop61488\projects\work\LiveIngestEndToEndTests\Libraries\ICAT4IngestLibrary\ICAT4IngestLibrary.csproj", "{C853E705-1848-43C9-AAB2-CF58DE37EB41}"
EndProject
Project("{FAE04EC0-301F-11D3-BF4B-00C04F79EFBC}") = "IBSSharePointQuery", "C:\Users\rop61488\projects\work\LiveIngestEndToEndTests\Libraries\IBSSharePointQuery\IBSSharePointQuery.csproj", "{45F3C662-29A7-43DE-A0F3-BC9F017617A2}"
EndProject
Global
	GlobalSection(SolutionConfigurationPlatforms) = preSolution
		Debug|Any CPU = Debug|Any CPU
		Debug|x64 = Debug|x64
		Release|Any CPU = Release|Any CPU
		Release|x64 = Release|x64
	EndGlobalSection
	GlobalSection(ProjectConfigurationPlatforms) = postSolution
		{8E2C7DD6-14A7-4480-B006-435561C418D1}.Debug|Any CPU.ActiveCfg = Debug|Any CPU
		{8E2C7DD6-14A7-4480-B006-435561C418D1}.Debug|Any CPU.Build.0 = Debug|Any CPU
		{8E2C7DD6-14A7-4480-B006-435561C418D1}.Debug|x64.ActiveCfg = Debug|Any CPU
		{8E2C7DD6-14A7-4480-B006-435561C418D1}.Debug|x64.Build.0 = Debug|Any CPU
		{8E2C7DD6-14A7-4480-B006-435561C418D1}.Release|Any CPU.ActiveCfg = Release|Any CPU
		{8E2C7DD6-14A7-4480-B006-435561C418D1}.Release|Any CPU.Build.0 = Release|Any CPU
		{8E2C7DD6-14A7-4480-B006-435561C418D1}.Release|x64.ActiveCfg = Release|Any CPU
		{8E2C7DD6-14A7-4480-B006-435561C418D1}.Release|x64.Build.0 = Release|Any CPU
		{C853E705-1848-43C9-AAB2-CF58DE37EB41}.Debug|Any CPU.ActiveCfg = Debug|Any CPU
		{C853E705-1848-43C9-AAB2-CF58DE37EB41}.Debug|Any CPU.Build.0 = Debug|Any CPU
		{C853E705-1848-43C9-AAB2-CF58DE37EB41}.Debug|x64.ActiveCfg = Debug|x64
		{C853E705-1848-43C9-AAB2-CF58DE37EB41}.Debug|x64.Build.0 = Debug|x64
		{C853E705-1848-43C9-AAB2-CF58DE37EB41}.Release|Any CPU.ActiveCfg = Release|Any CPU
		{C853E705-1848-43C9-AAB2-CF58DE37EB41}.Release|Any CPU.Build.0 = Release|Any CPU
		{C853E705-1848-43C9-AAB2-CF58DE37EB41}.Release|x64.ActiveCfg = Release|x64
		{C853E705-1848-43C9-AAB2-CF58DE37EB41}.Release|x64.Build.0 = Release|x64
		{45F3C662-29A7-43DE-A0F3-BC9F017617A2}.Debug|Any CPU.ActiveCfg = Debug|Any CPU
		{45F3C662-29A7-43DE-A0F3-BC9F017617A2}.Debug|Any CPU.Build.0 = Debug|Any CPU
		{45F3C662-29A7-43DE-A0F3-BC9F017617A2}.Debug|x64.ActiveCfg = Debug|Any CPU
		{45F3C662-29A7-43DE-A0F3-BC9F017617A2}.Debug|x64.Build.0 = Debug|Any CPU
		{45F3C662-29A7-43DE-A0F3-BC9F017617A2}.Release|Any CPU.ActiveCfg = Release|Any CPU
		{45F3C662-29A7-43DE-A0F3-BC9F017617A2}.Release|Any CPU.Build.0 = Release|Any CPU
		{45F3C662-29A7-43DE-A0F3-BC9F017617A2}.Release|x64.ActiveCfg = Release|Any CPU
		{45F3C662-29A7-43DE-A0F3-BC9F017617A2}.Release|x64.Build.0 = Release|Any CPU
	EndGlobalSection
	GlobalSection(SolutionProperties) = preSolution
		HideSolutionNode = FALSE
	EndGlobalSection
	GlobalSection(ExtensibilityGlobals) = postSolution
		SolutionGuid = {5696226C-21C8-4B08-8B90-D2D1A59888BF}
	EndGlobalSection
EndGlobal
